{
  "name": "Indaym",
  "version": "2.0.0",
  "lockfileVersion": 1,
  "requires": true,
  "dependencies": {
    "@types/three": {
      "version": "0.84.26",
      "resolved": "https://registry.npmjs.org/@types/three/-/three-0.84.26.tgz",
      "integrity": "sha512-7fGrapSROiJGf8gwBMCUsFqeI79X8OlnpWfe4VaMhi+CAsh1tad3Ayyh/9FbqHvs53W6QzdA6NJUx45/YQb3mA==",
      "requires": {
        "@types/webvr-api": "0.0.31"
      }
    },
    "@types/webvr-api": {
      "version": "0.0.31",
      "resolved": "https://registry.npmjs.org/@types/webvr-api/-/webvr-api-0.0.31.tgz",
      "integrity": "sha1-9gYf6IoDXTSotqDFX4dYkB7IoI4="
    }
  }
}
